
Microsoft Visual Studio Solution File, Format Version 12.00
# Visual Studio 15
VisualStudioVersion = 15.0.27130.2027
MinimumVisualStudioVersion = 10.0.40219.1
Project("{FAE04EC0-301F-11D3-BF4B-00C04F79EFBC}") = "DCasaPizzas.Android", "DCasaPizzas\DCasaPizzas.Android\DCasaPizzas.Android.csproj", "{D04DCA05-C1B4-40A8-9D43-7C1985A575A7}"
EndProject
Project("{FAE04EC0-301F-11D3-BF4B-00C04F79EFBC}") = "DCasaPizzas.iOS", "DCasaPizzas\DCasaPizzas.iOS\DCasaPizzas.iOS.csproj", "{CF13CDB3-9218-458F-85C1-DB60206FF2AB}"
EndProject
Project("{D954291E-2A0B-460D-934E-DC6B0785DB48}") = "DCasaPizzas", "DCasaPizzas\DCasaPizzas\DCasaPizzas.shproj", "{0831F903-7D96-4087-9718-C26FAFE7EF05}"
EndProject
Project("{FAE04EC0-301F-11D3-BF4B-00C04F79EFBC}") = "DCasaPizzasWeb", "DCasaPizzasWeb\DCasaPizzasWeb.csproj", "{1A6EA7AB-6036-4D1D-B382-1281BCFE678B}"
EndProject
Global
	GlobalSection(SharedMSBuildProjectFiles) = preSolution
		DCasaPizzas\DCasaPizzas\DCasaPizzas.projitems*{0831f903-7d96-4087-9718-c26fafe7ef05}*SharedItemsImports = 13
		DCasaPizzas\DCasaPizzas\DCasaPizzas.projitems*{cf13cdb3-9218-458f-85c1-db60206ff2ab}*SharedItemsImports = 4
		DCasaPizzas\DCasaPizzas\DCasaPizzas.projitems*{d04dca05-c1b4-40a8-9d43-7c1985a575a7}*SharedItemsImports = 4
	EndGlobalSection
	GlobalSection(SolutionConfigurationPlatforms) = preSolution
		Ad-Hoc|Any CPU = Ad-Hoc|Any CPU
		Ad-Hoc|ARM = Ad-Hoc|ARM
		Ad-Hoc|iPhone = Ad-Hoc|iPhone
		Ad-Hoc|iPhoneSimulator = Ad-Hoc|iPhoneSimulator
		Ad-Hoc|x64 = Ad-Hoc|x64
		Ad-Hoc|x86 = Ad-Hoc|x86
		AppStore|Any CPU = AppStore|Any CPU
		AppStore|ARM = AppStore|ARM
		AppStore|iPhone = AppStore|iPhone
		AppStore|iPhoneSimulator = AppStore|iPhoneSimulator
		AppStore|x64 = AppStore|x64
		AppStore|x86 = AppStore|x86
		Debug|Any CPU = Debug|Any CPU
		Debug|ARM = Debug|ARM
		Debug|iPhone = Debug|iPhone
		Debug|iPhoneSimulator = Debug|iPhoneSimulator
		Debug|x64 = Debug|x64
		Debug|x86 = Debug|x86
		Release|Any CPU = Release|Any CPU
		Release|ARM = Release|ARM
		Release|iPhone = Release|iPhone
		Release|iPhoneSimulator = Release|iPhoneSimulator
		Release|x64 = Release|x64
		Release|x86 = Release|x86
	EndGlobalSection
	GlobalSection(ProjectConfigurationPlatforms) = postSolution
		{D04DCA05-C1B4-40A8-9D43-7C1985A575A7}.Ad-Hoc|Any CPU.ActiveCfg = Release|Any CPU
		{D04DCA05-C1B4-40A8-9D43-7C1985A575A7}.Ad-Hoc|Any CPU.Build.0 = Release|Any CPU
		{D04DCA05-C1B4-40A8-9D43-7C1985A575A7}.Ad-Hoc|Any CPU.Deploy.0 = Release|Any CPU
		{D04DCA05-C1B4-40A8-9D43-7C1985A575A7}.Ad-Hoc|ARM.ActiveCfg = Release|Any CPU
		{D04DCA05-C1B4-40A8-9D43-7C1985A575A7}.Ad-Hoc|ARM.Build.0 = Release|Any CPU
		{D04DCA05-C1B4-40A8-9D43-7C1985A575A7}.Ad-Hoc|ARM.Deploy.0 = Release|Any CPU
		{D04DCA05-C1B4-40A8-9D43-7C1985A575A7}.Ad-Hoc|iPhone.ActiveCfg = Release|Any CPU
		{D04DCA05-C1B4-40A8-9D43-7C1985A575A7}.Ad-Hoc|iPhone.Build.0 = Release|Any CPU
		{D04DCA05-C1B4-40A8-9D43-7C1985A575A7}.Ad-Hoc|iPhone.Deploy.0 = Release|Any CPU
		{D04DCA05-C1B4-40A8-9D43-7C1985A575A7}.Ad-Hoc|iPhoneSimulator.ActiveCfg = Release|Any CPU
		{D04DCA05-C1B4-40A8-9D43-7C1985A575A7}.Ad-Hoc|iPhoneSimulator.Build.0 = Release|Any CPU
		{D04DCA05-C1B4-40A8-9D43-7C1985A575A7}.Ad-Hoc|iPhoneSimulator.Deploy.0 = Release|Any CPU
		{D04DCA05-C1B4-40A8-9D43-7C1985A575A7}.Ad-Hoc|x64.ActiveCfg = Release|Any CPU
		{D04DCA05-C1B4-40A8-9D43-7C1985A575A7}.Ad-Hoc|x64.Build.0 = Release|Any CPU
		{D04DCA05-C1B4-40A8-9D43-7C1985A575A7}.Ad-Hoc|x64.Deploy.0 = Release|Any CPU
		{D04DCA05-C1B4-40A8-9D43-7C1985A575A7}.Ad-Hoc|x86.ActiveCfg = Release|Any CPU
		{D04DCA05-C1B4-40A8-9D43-7C1985A575A7}.Ad-Hoc|x86.Build.0 = Release|Any CPU
		{D04DCA05-C1B4-40A8-9D43-7C1985A575A7}.Ad-Hoc|x86.Deploy.0 = Release|Any CPU
		{D04DCA05-C1B4-40A8-9D43-7C1985A575A7}.AppStore|Any CPU.ActiveCfg = Release|Any CPU
		{D04DCA05-C1B4-40A8-9D43-7C1985A575A7}.AppStore|Any CPU.Build.0 = Release|Any CPU
		{D04DCA05-C1B4-40A8-9D43-7C1985A575A7}.AppStore|Any CPU.Deploy.0 = Release|Any CPU
		{D04DCA05-C1B4-40A8-9D43-7C1985A575A7}.AppStore|ARM.ActiveCfg = Release|Any CPU
		{D04DCA05-C1B4-40A8-9D43-7C1985A575A7}.AppStore|ARM.Build.0 = Release|Any CPU
		{D04DCA05-C1B4-40A8-9D43-7C1985A575A7}.AppStore|ARM.Deploy.0 = Release|Any CPU
		{D04DCA05-C1B4-40A8-9D43-7C1985A575A7}.AppStore|iPhone.ActiveCfg = Release|Any CPU
		{D04DCA05-C1B4-40A8-9D43-7C1985A575A7}.AppStore|iPhone.Build.0 = Release|Any CPU
		{D04DCA05-C1B4-40A8-9D43-7C1985A575A7}.AppStore|iPhone.Deploy.0 = Release|Any CPU
		{D04DCA05-C1B4-40A8-9D43-7C1985A575A7}.AppStore|iPhoneSimulator.ActiveCfg = Release|Any CPU
		{D04DCA05-C1B4-40A8-9D43-7C1985A575A7}.AppStore|iPhoneSimulator.Build.0 = Release|Any CPU
		{D04DCA05-C1B4-40A8-9D43-7C1985A575A7}.AppStore|iPhoneSimulator.Deploy.0 = Release|Any CPU
		{D04DCA05-C1B4-40A8-9D43-7C1985A575A7}.AppStore|x64.ActiveCfg = Release|Any CPU
		{D04DCA05-C1B4-40A8-9D43-7C1985A575A7}.AppStore|x64.Build.0 = Release|Any CPU
		{D04DCA05-C1B4-40A8-9D43-7C1985A575A7}.AppStore|x64.Deploy.0 = Release|Any CPU
		{D04DCA05-C1B4-40A8-9D43-7C1985A575A7}.AppStore|x86.ActiveCfg = Release|Any CPU
		{D04DCA05-C1B4-40A8-9D43-7C1985A575A7}.AppStore|x86.Build.0 = Release|Any CPU
		{D04DCA05-C1B4-40A8-9D43-7C1985A575A7}.AppStore|x86.Deploy.0 = Release|Any CPU
		{D04DCA05-C1B4-40A8-9D43-7C1985A575A7}.Debug|Any CPU.ActiveCfg = Debug|Any CPU
		{D04DCA05-C1B4-40A8-9D43-7C1985A575A7}.Debug|Any CPU.Build.0 = Debug|Any CPU
		{D04DCA05-C1B4-40A8-9D43-7C1985A575A7}.Debug|Any CPU.Deploy.0 = Debug|Any CPU
		{D04DCA05-C1B4-40A8-9D43-7C1985A575A7}.Debug|ARM.ActiveCfg = Debug|Any CPU
		{D04DCA05-C1B4-40A8-9D43-7C1985A575A7}.Debug|ARM.Build.0 = Debug|Any CPU
		{D04DCA05-C1B4-40A8-9D43-7C1985A575A7}.Debug|ARM.Deploy.0 = Debug|Any CPU
		{D04DCA05-C1B4-40A8-9D43-7C1985A575A7}.Debug|iPhone.ActiveCfg = Debug|Any CPU
		{D04DCA05-C1B4-40A8-9D43-7C1985A575A7}.Debug|iPhone.Build.0 = Debug|Any CPU
		{D04DCA05-C1B4-40A8-9D43-7C1985A575A7}.Debug|iPhone.Deploy.0 = Debug|Any CPU
		{D04DCA05-C1B4-40A8-9D43-7C1985A575A7}.Debug|iPhoneSimulator.ActiveCfg = Debug|Any CPU
		{D04DCA05-C1B4-40A8-9D43-7C1985A575A7}.Debug|iPhoneSimulator.Build.0 = Debug|Any CPU
		{D04DCA05-C1B4-40A8-9D43-7C1985A575A7}.Debug|iPhoneSimulator.Deploy.0 = Debug|Any CPU
		{D04DCA05-C1B4-40A8-9D43-7C1985A575A7}.Debug|x64.ActiveCfg = Debug|Any CPU
		{D04DCA05-C1B4-40A8-9D43-7C1985A575A7}.Debug|x64.Build.0 = Debug|Any CPU
		{D04DCA05-C1B4-40A8-9D43-7C1985A575A7}.Debug|x64.Deploy.0 = Debug|Any CPU
		{D04DCA05-C1B4-40A8-9D43-7C1985A575A7}.Debug|x86.ActiveCfg = Debug|Any CPU
		{D04DCA05-C1B4-40A8-9D43-7C1985A575A7}.Debug|x86.Build.0 = Debug|Any CPU
		{D04DCA05-C1B4-40A8-9D43-7C1985A575A7}.Debug|x86.Deploy.0 = Debug|Any CPU
		{D04DCA05-C1B4-40A8-9D43-7C1985A575A7}.Release|Any CPU.ActiveCfg = Release|Any CPU
		{D04DCA05-C1B4-40A8-9D43-7C1985A575A7}.Release|Any CPU.Build.0 = Release|Any CPU
		{D04DCA05-C1B4-40A8-9D43-7C1985A575A7}.Release|Any CPU.Deploy.0 = Release|Any CPU
		{D04DCA05-C1B4-40A8-9D43-7C1985A575A7}.Release|ARM.ActiveCfg = Release|Any CPU
		{D04DCA05-C1B4-40A8-9D43-7C1985A575A7}.Release|ARM.Build.0 = Release|Any CPU
		{D04DCA05-C1B4-40A8-9D43-7C1985A575A7}.Release|ARM.Deploy.0 = Release|Any CPU
		{D04DCA05-C1B4-40A8-9D43-7C1985A575A7}.Release|iPhone.ActiveCfg = Release|Any CPU
		{D04DCA05-C1B4-40A8-9D43-7C1985A575A7}.Release|iPhone.Build.0 = Release|Any CPU
		{D04DCA05-C1B4-40A8-9D43-7C1985A575A7}.Release|iPhone.Deploy.0 = Release|Any CPU
		{D04DCA05-C1B4-40A8-9D43-7C1985A575A7}.Release|iPhoneSimulator.ActiveCfg = Release|Any CPU
		{D04DCA05-C1B4-40A8-9D43-7C1985A575A7}.Release|iPhoneSimulator.Build.0 = Release|Any CPU
		{D04DCA05-C1B4-40A8-9D43-7C1985A575A7}.Release|iPhoneSimulator.Deploy.0 = Release|Any CPU
		{D04DCA05-C1B4-40A8-9D43-7C1985A575A7}.Release|x64.ActiveCfg = Release|Any CPU
		{D04DCA05-C1B4-40A8-9D43-7C1985A575A7}.Release|x64.Build.0 = Release|Any CPU
		{D04DCA05-C1B4-40A8-9D43-7C1985A575A7}.Release|x64.Deploy.0 = Release|Any CPU
		{D04DCA05-C1B4-40A8-9D43-7C1985A575A7}.Release|x86.ActiveCfg = Release|Any CPU
		{D04DCA05-C1B4-40A8-9D43-7C1985A575A7}.Release|x86.Build.0 = Release|Any CPU
		{D04DCA05-C1B4-40A8-9D43-7C1985A575A7}.Release|x86.Deploy.0 = Release|Any CPU
		{CF13CDB3-9218-458F-85C1-DB60206FF2AB}.Ad-Hoc|Any CPU.ActiveCfg = Ad-Hoc|iPhone
		{CF13CDB3-9218-458F-85C1-DB60206FF2AB}.Ad-Hoc|ARM.ActiveCfg = Ad-Hoc|iPhone
		{CF13CDB3-9218-458F-85C1-DB60206FF2AB}.Ad-Hoc|iPhone.ActiveCfg = Ad-Hoc|iPhone
		{CF13CDB3-9218-458F-85C1-DB60206FF2AB}.Ad-Hoc|iPhone.Build.0 = Ad-Hoc|iPhone
		{CF13CDB3-9218-458F-85C1-DB60206FF2AB}.Ad-Hoc|iPhoneSimulator.ActiveCfg = Ad-Hoc|iPhoneSimulator
		{CF13CDB3-9218-458F-85C1-DB60206FF2AB}.Ad-Hoc|iPhoneSimulator.Build.0 = Ad-Hoc|iPhoneSimulator
		{CF13CDB3-9218-458F-85C1-DB60206FF2AB}.Ad-Hoc|x64.ActiveCfg = Ad-Hoc|iPhone
		{CF13CDB3-9218-458F-85C1-DB60206FF2AB}.Ad-Hoc|x86.ActiveCfg = Ad-Hoc|iPhone
		{CF13CDB3-9218-458F-85C1-DB60206FF2AB}.AppStore|Any CPU.ActiveCfg = AppStore|iPhone
		{CF13CDB3-9218-458F-85C1-DB60206FF2AB}.AppStore|ARM.ActiveCfg = AppStore|iPhone
		{CF13CDB3-9218-458F-85C1-DB60206FF2AB}.AppStore|iPhone.ActiveCfg = AppStore|iPhone
		{CF13CDB3-9218-458F-85C1-DB60206FF2AB}.AppStore|iPhone.Build.0 = AppStore|iPhone
		{CF13CDB3-9218-458F-85C1-DB60206FF2AB}.AppStore|iPhoneSimulator.ActiveCfg = AppStore|iPhoneSimulator
		{CF13CDB3-9218-458F-85C1-DB60206FF2AB}.AppStore|iPhoneSimulator.Build.0 = AppStore|iPhoneSimulator
		{CF13CDB3-9218-458F-85C1-DB60206FF2AB}.AppStore|x64.ActiveCfg = AppStore|iPhone
		{CF13CDB3-9218-458F-85C1-DB60206FF2AB}.AppStore|x86.ActiveCfg = AppStore|iPhone
		{CF13CDB3-9218-458F-85C1-DB60206FF2AB}.Debug|Any CPU.ActiveCfg = Debug|iPhone
		{CF13CDB3-9218-458F-85C1-DB60206FF2AB}.Debug|ARM.ActiveCfg = Debug|iPhone
		{CF13CDB3-9218-458F-85C1-DB60206FF2AB}.Debug|iPhone.ActiveCfg = Debug|iPhone
		{CF13CDB3-9218-458F-85C1-DB60206FF2AB}.Debug|iPhone.Build.0 = Debug|iPhone
		{CF13CDB3-9218-458F-85C1-DB60206FF2AB}.Debug|iPhoneSimulator.ActiveCfg = Debug|iPhoneSimulator
		{CF13CDB3-9218-458F-85C1-DB60206FF2AB}.Debug|iPhoneSimulator.Build.0 = Debug|iPhoneSimulator
		{CF13CDB3-9218-458F-85C1-DB60206FF2AB}.Debug|x64.ActiveCfg = Debug|iPhone
		{CF13CDB3-9218-458F-85C1-DB60206FF2AB}.Debug|x86.ActiveCfg = Debug|iPhone
		{CF13CDB3-9218-458F-85C1-DB60206FF2AB}.Release|Any CPU.ActiveCfg = Release|iPhone
		{CF13CDB3-9218-458F-85C1-DB60206FF2AB}.Release|ARM.ActiveCfg = Release|iPhone
		{CF13CDB3-9218-458F-85C1-DB60206FF2AB}.Release|iPhone.ActiveCfg = Release|iPhone
		{CF13CDB3-9218-458F-85C1-DB60206FF2AB}.Release|iPhone.Build.0 = Release|iPhone
		{CF13CDB3-9218-458F-85C1-DB60206FF2AB}.Release|iPhoneSimulator.ActiveCfg = Release|iPhoneSimulator
		{CF13CDB3-9218-458F-85C1-DB60206FF2AB}.Release|iPhoneSimulator.Build.0 = Release|iPhoneSimulator
		{CF13CDB3-9218-458F-85C1-DB60206FF2AB}.Release|x64.ActiveCfg = Release|iPhone
		{CF13CDB3-9218-458F-85C1-DB60206FF2AB}.Release|x86.ActiveCfg = Release|iPhone
		{1A6EA7AB-6036-4D1D-B382-1281BCFE678B}.Ad-Hoc|Any CPU.ActiveCfg = Release|Any CPU
		{1A6EA7AB-6036-4D1D-B382-1281BCFE678B}.Ad-Hoc|Any CPU.Build.0 = Release|Any CPU
		{1A6EA7AB-6036-4D1D-B382-1281BCFE678B}.Ad-Hoc|ARM.ActiveCfg = Release|Any CPU
		{1A6EA7AB-6036-4D1D-B382-1281BCFE678B}.Ad-Hoc|ARM.Build.0 = Release|Any CPU
		{1A6EA7AB-6036-4D1D-B382-1281BCFE678B}.Ad-Hoc|iPhone.ActiveCfg = Release|Any CPU
		{1A6EA7AB-6036-4D1D-B382-1281BCFE678B}.Ad-Hoc|iPhone.Build.0 = Release|Any CPU
		{1A6EA7AB-6036-4D1D-B382-1281BCFE678B}.Ad-Hoc|iPhoneSimulator.ActiveCfg = Release|Any CPU
		{1A6EA7AB-6036-4D1D-B382-1281BCFE678B}.Ad-Hoc|iPhoneSimulator.Build.0 = Release|Any CPU
		{1A6EA7AB-6036-4D1D-B382-1281BCFE678B}.Ad-Hoc|x64.ActiveCfg = Release|Any CPU
		{1A6EA7AB-6036-4D1D-B382-1281BCFE678B}.Ad-Hoc|x64.Build.0 = Release|Any CPU
		{1A6EA7AB-6036-4D1D-B382-1281BCFE678B}.Ad-Hoc|x86.ActiveCfg = Release|Any CPU
		{1A6EA7AB-6036-4D1D-B382-1281BCFE678B}.Ad-Hoc|x86.Build.0 = Release|Any CPU
		{1A6EA7AB-6036-4D1D-B382-1281BCFE678B}.AppStore|Any CPU.ActiveCfg = Release|Any CPU
		{1A6EA7AB-6036-4D1D-B382-1281BCFE678B}.AppStore|Any CPU.Build.0 = Release|Any CPU
		{1A6EA7AB-6036-4D1D-B382-1281BCFE678B}.AppStore|ARM.ActiveCfg = Release|Any CPU
		{1A6EA7AB-6036-4D1D-B382-1281BCFE678B}.AppStore|ARM.Build.0 = Release|Any CPU
		{1A6EA7AB-6036-4D1D-B382-1281BCFE678B}.AppStore|iPhone.ActiveCfg = Release|Any CPU
		{1A6EA7AB-6036-4D1D-B382-1281BCFE678B}.AppStore|iPhone.Build.0 = Release|Any CPU
		{1A6EA7AB-6036-4D1D-B382-1281BCFE678B}.AppStore|iPhoneSimulator.ActiveCfg = Release|Any CPU
		{1A6EA7AB-6036-4D1D-B382-1281BCFE678B}.AppStore|iPhoneSimulator.Build.0 = Release|Any CPU
		{1A6EA7AB-6036-4D1D-B382-1281BCFE678B}.AppStore|x64.ActiveCfg = Release|Any CPU
		{1A6EA7AB-6036-4D1D-B382-1281BCFE678B}.AppStore|x64.Build.0 = Release|Any CPU
		{1A6EA7AB-6036-4D1D-B382-1281BCFE678B}.AppStore|x86.ActiveCfg = Release|Any CPU
		{1A6EA7AB-6036-4D1D-B382-1281BCFE678B}.AppStore|x86.Build.0 = Release|Any CPU
		{1A6EA7AB-6036-4D1D-B382-1281BCFE678B}.Debug|Any CPU.ActiveCfg = Debug|Any CPU
		{1A6EA7AB-6036-4D1D-B382-1281BCFE678B}.Debug|Any CPU.Build.0 = Debug|Any CPU
		{1A6EA7AB-6036-4D1D-B382-1281BCFE678B}.Debug|ARM.ActiveCfg = Debug|Any CPU
		{1A6EA7AB-6036-4D1D-B382-1281BCFE678B}.Debug|ARM.Build.0 = Debug|Any CPU
		{1A6EA7AB-6036-4D1D-B382-1281BCFE678B}.Debug|iPhone.ActiveCfg = Debug|Any CPU
		{1A6EA7AB-6036-4D1D-B382-1281BCFE678B}.Debug|iPhone.Build.0 = Debug|Any CPU
		{1A6EA7AB-6036-4D1D-B382-1281BCFE678B}.Debug|iPhoneSimulator.ActiveCfg = Debug|Any CPU
		{1A6EA7AB-6036-4D1D-B382-1281BCFE678B}.Debug|iPhoneSimulator.Build.0 = Debug|Any CPU
		{1A6EA7AB-6036-4D1D-B382-1281BCFE678B}.Debug|x64.ActiveCfg = Debug|Any CPU
		{1A6EA7AB-6036-4D1D-B382-1281BCFE678B}.Debug|x64.Build.0 = Debug|Any CPU
		{1A6EA7AB-6036-4D1D-B382-1281BCFE678B}.Debug|x86.ActiveCfg = Debug|Any CPU
		{1A6EA7AB-6036-4D1D-B382-1281BCFE678B}.Debug|x86.Build.0 = Debug|Any CPU
		{1A6EA7AB-6036-4D1D-B382-1281BCFE678B}.Release|Any CPU.ActiveCfg = Release|Any CPU
		{1A6EA7AB-6036-4D1D-B382-1281BCFE678B}.Release|Any CPU.Build.0 = Release|Any CPU
		{1A6EA7AB-6036-4D1D-B382-1281BCFE678B}.Release|ARM.ActiveCfg = Release|Any CPU
		{1A6EA7AB-6036-4D1D-B382-1281BCFE678B}.Release|ARM.Build.0 = Release|Any CPU
		{1A6EA7AB-6036-4D1D-B382-1281BCFE678B}.Release|iPhone.ActiveCfg = Release|Any CPU
		{1A6EA7AB-6036-4D1D-B382-1281BCFE678B}.Release|iPhone.Build.0 = Release|Any CPU
		{1A6EA7AB-6036-4D1D-B382-1281BCFE678B}.Release|iPhoneSimulator.ActiveCfg = Release|Any CPU
		{1A6EA7AB-6036-4D1D-B382-1281BCFE678B}.Release|iPhoneSimulator.Build.0 = Release|Any CPU
		{1A6EA7AB-6036-4D1D-B382-1281BCFE678B}.Release|x64.ActiveCfg = Release|Any CPU
		{1A6EA7AB-6036-4D1D-B382-1281BCFE678B}.Release|x64.Build.0 = Release|Any CPU
		{1A6EA7AB-6036-4D1D-B382-1281BCFE678B}.Release|x86.ActiveCfg = Release|Any CPU
		{1A6EA7AB-6036-4D1D-B382-1281BCFE678B}.Release|x86.Build.0 = Release|Any CPU
	EndGlobalSection
	GlobalSection(SolutionProperties) = preSolution
		HideSolutionNode = FALSE
	EndGlobalSection
	GlobalSection(ExtensibilityGlobals) = postSolution
		SolutionGuid = {28C8D95D-4C56-49F7-B69F-A957AB0D0DA8}
	EndGlobalSection
EndGlobal
